
Microsoft Visual Studio Solution File, Format Version 12.00
# Visual Studio Version 17
VisualStudioVersion = 17.3.32901.215
MinimumVisualStudioVersion = 10.0.40219.1
Project("{FAE04EC0-301F-11D3-BF4B-00C04F79EFBC}") = "csharp-functions", "csharp-functions.csproj", "{BDE4FEFD-A3DB-498E-8757-E10A8445B0EA}"
EndProject
Global
	GlobalSection(SolutionConfigurationPlatforms) = preSolution
		Debug|Any CPU = Debug|Any CPU
		Release|Any CPU = Release|Any CPU
	EndGlobalSection
	GlobalSection(ProjectConfigurationPlatforms) = postSolution
		{BDE4FEFD-A3DB-498E-8757-E10A8445B0EA}.Debug|Any CPU.ActiveCfg = Debug|Any CPU
		{BDE4FEFD-A3DB-498E-8757-E10A8445B0EA}.Debug|Any CPU.Build.0 = Debug|Any CPU
		{BDE4FEFD-A3DB-498E-8757-E10A8445B0EA}.Release|Any CPU.ActiveCfg = Release|Any CPU
		{BDE4FEFD-A3DB-498E-8757-E10A8445B0EA}.Release|Any CPU.Build.0 = Release|Any CPU
	EndGlobalSection
	GlobalSection(SolutionProperties) = preSolution
		HideSolutionNode = FALSE
	EndGlobalSection
	GlobalSection(ExtensibilityGlobals) = postSolution
		SolutionGuid = {C01DAF2C-1E3A-4AFC-9386-238DF1CDB20C}
	EndGlobalSection
EndGlobal
